
Microsoft Visual Studio Solution File, Format Version 12.00
# Visual Studio Version 17
VisualStudioVersion = 17.9.34622.214
MinimumVisualStudioVersion = 10.0.40219.1
Project("{FAE04EC0-301F-11D3-BF4B-00C04F79EFBC}") = "PyramidDecoding", "PyramidDecoding\PyramidDecoding.csproj", "{CEE78387-E2D3-49A5-A325-684B909DCB39}"
EndProject
Global
	GlobalSection(SolutionConfigurationPlatforms) = preSolution
		Debug|Any CPU = Debug|Any CPU
		Release|Any CPU = Release|Any CPU
	EndGlobalSection
	GlobalSection(ProjectConfigurationPlatforms) = postSolution
		{CEE78387-E2D3-49A5-A325-684B909DCB39}.Debug|Any CPU.ActiveCfg = Debug|Any CPU
		{CEE78387-E2D3-49A5-A325-684B909DCB39}.Debug|Any CPU.Build.0 = Debug|Any CPU
		{CEE78387-E2D3-49A5-A325-684B909DCB39}.Release|Any CPU.ActiveCfg = Release|Any CPU
		{CEE78387-E2D3-49A5-A325-684B909DCB39}.Release|Any CPU.Build.0 = Release|Any CPU
	EndGlobalSection
	GlobalSection(SolutionProperties) = preSolution
		HideSolutionNode = FALSE
	EndGlobalSection
	GlobalSection(ExtensibilityGlobals) = postSolution
		SolutionGuid = {A21F810B-7806-4E81-A1A7-0531BDB22E54}
	EndGlobalSection
EndGlobal
